# This file is automatically @generated by Cargo.
# It is not intended for manual editing.
version = 4

[[package]]
name = "council-cli"
version = "0.1.0"
dependencies = [
 "council-core",
 "cycle-bot",
 "example-bot",
 "first-bot",
]

[[package]]
name = "council-core"
version = "0.1.0"

[[package]]
name = "cycle-bot"
version = "0.1.0"
dependencies = [
 "council-core",
]

[[package]]
name = "example-bot"
version = "0.1.0"
dependencies = [
 "council-core",
]

[[package]]
name = "first-bot"
version = "0.1.0"
dependencies = [
 "council-core",
]
